// !$*UTF8*$!
{
	archiveVersion = 1;
	classes = {
	};
	objectVersion = 46;
	objects = {

/* Begin PBXBuildFile section */
		CC6E67421A4C09B800339091 /* main.m in Sources */ = {isa = PBXBuildFile; fileRef = CC6E67411A4C09B800339091 /* main.m */; };
		CC6E67451A4C09B800339091 /* AppDelegate.m in Sources */ = {isa = PBXBuildFile; fileRef = CC6E67441A4C09B800339091 /* AppDelegate.m */; };
		CC6E67481A4C09B800339091 /* ViewController.m in Sources */ = {isa = PBXBuildFile; fileRef = CC6E67471A4C09B800339091 /* ViewController.m */; };
		CC6E674B1A4C09B800339091 /* Main.storyboard in Resources */ = {isa = PBXBuildFile; fileRef = CC6E67491A4C09B800339091 /* Main.storyboard */; };
		CC6E674D1A4C09B800339091 /* Images.xcassets in Resources */ = {isa = PBXBuildFile; fileRef = CC6E674C1A4C09B800339091 /* Images.xcassets */; };
		CC6E67501A4C09B800339091 /* LaunchScreen.xib in Resources */ = {isa = PBXBuildFile; fileRef = CC6E674E1A4C09B800339091 /* LaunchScreen.xib */; };
		CC6E675C1A4C09B800339091 /* parse_testTests.m in Sources */ = {isa = PBXBuildFile; fileRef = CC6E675B1A4C09B800339091 /* parse_testTests.m */; };
/* End PBXBuildFile section */

/* Begin PBXContainerItemProxy section */
		CC6E67561A4C09B800339091 /* PBXContainerItemProxy */ = {
			isa = PBXContainerItemProxy;
			containerPortal = CC6E67341A4C09B800339091 /* Project object */;
			proxyType = 1;
			remoteGlobalIDString = CC6E673B1A4C09B800339091;
			remoteInfo = "parse test";
		};
/* End PBXContainerItemProxy section */

/* Begin PBXFileReference section */
		CC6E673C1A4C09B800339091 /* parse test.app */ = {isa = PBXFileReference; explicitFileType = wrapper.application; includeInIndex = 0; path = "parse test.app"; sourceTree = BUILT_PRODUCTS_DIR; };
		CC6E67401A4C09B800339091 /* Info.plist */ = {isa = PBXFileReference; lastKnownFileType = text.plist.xml; path = Info.plist; sourceTree = "<group>"; };
		CC6E67411A4C09B800339091 /* main.m */ = {isa = PBXFileReference; lastKnownFileType = sourcecode.c.objc; path = main.m; sourceTree = "<group>"; };
		CC6E67431A4C09B800339091 /* AppDelegate.h */ = {isa = PBXFileReference; lastKnownFileType = sourcecode.c.h; path = AppDelegate.h; sourceTree = "<group>"; };
		CC6E67441A4C09B800339091 /* AppDelegate.m */ = {isa = PBXFileReference; lastKnownFileType = sourcecode.c.objc; path = AppDelegate.m; sourceTree = "<group>"; };
		CC6E67461A4C09B800339091 /* ViewController.h */ = {isa = PBXFileReference; lastKnownFileType = sourcecode.c.h; path = ViewController.h; sourceTree = "<group>"; };
		CC6E67471A4C09B800339091 /* ViewController.m */ = {isa = PBXFileReference; lastKnownFileType = sourcecode.c.objc; path = ViewController.m; sourceTree = "<group>"; };
		CC6E674A1A4C09B800339091 /* Base */ = {isa = PBXFileReference; lastKnownFileType = file.storyboard; name = Base; path = Base.lproj/Main.storyboard; sourceTree = "<group>"; };
		CC6E674C1A4C09B800339091 /* Images.xcassets */ = {isa = PBXFileReference; lastKnownFileType = folder.assetcatalog; path = Images.xcassets; sourceTree = "<group>"; };
		CC6E674F1A4C09B800339091 /* Base */ = {isa = PBXFileReference; lastKnownFileType = file.xib; name = Base; path = Base.lproj/LaunchScreen.xib; sourceTree = "<group>"; };
		CC6E67551A4C09B800339091 /* parse testTests.xctest */ = {isa = PBXFileReference; explicitFileType = wrapper.cfbundle; includeInIndex = 0; path = "parse testTests.xctest"; sourceTree = BUILT_PRODUCTS_DIR; };
		CC6E675A1A4C09B800339091 /* Info.plist */ = {isa = PBXFileReference; lastKnownFileType = text.plist.xml; path = Info.plist; sourceTree = "<group>"; };
		CC6E675B1A4C09B800339091 /* parse_testTests.m */ = {isa = PBXFileReference; lastKnownFileType = sourcecode.c.objc; path = parse_testTests.m; sourceTree = "<group>"; };
/* End PBXFileReference section */

/* Begin PBXFrameworksBuildPhase section */
		CC6E67391A4C09B800339091 /* Frameworks */ = {
			isa = PBXFrameworksBuildPhase;
			buildActionMask = 2147483647;
			files = (
			);
			runOnlyForDeploymentPostprocessing = 0;
		};
		CC6E67521A4C09B800339091 /* Frameworks */ = {
			isa = PBXFrameworksBuildPhase;
			buildActionMask = 2147483647;
			files = (
			);
			runOnlyForDeploymentPostprocessing = 0;
		};
/* End PBXFrameworksBuildPhase section */

/* Begin PBXGroup section */
		CC6E67331A4C09B800339091 = {
			isa = PBXGroup;
			children = (
				CC6E673E1A4C09B800339091 /* parse test */,
				CC6E67581A4C09B800339091 /* parse testTests */,
				CC6E673D1A4C09B800339091 /* Products */,
			);
			sourceTree = "<group>";
		};
		CC6E673D1A4C09B800339091 /* Products */ = {
			isa = PBXGroup;
			children = (
				CC6E673C1A4C09B800339091 /* parse test.app */,
				CC6E67551A4C09B800339091 /* parse testTests.xctest */,
			);
			name = Products;
			sourceTree = "<group>";
		};
		CC6E673E1A4C09B800339091 /* parse test */ = {
			isa = PBXGroup;
			children = (
				CC6E67431A4C09B800339091 /* AppDelegate.h */,
				CC6E67441A4C09B800339091 /* AppDelegate.m */,
				CC6E67461A4C09B800339091 /* ViewController.h */,
				CC6E67471A4C09B800339091 /* ViewController.m */,
				CC6E67491A4C09B800339091 /* Main.storyboard */,
				CC6E674C1A4C09B800339091 /* Images.xcassets */,
				CC6E674E1A4C09B800339091 /* LaunchScreen.xib */,
				CC6E673F1A4C09B800339091 /* Supporting Files */,
			);
			path = "parse test";
			sourceTree = "<group>";
		};
		CC6E673F1A4C09B800339091 /* Supporting Files */ = {
			isa = PBXGroup;
			children = (
				CC6E67401A4C09B800339091 /* Info.plist */,
				CC6E67411A4C09B800339091 /* main.m */,
			);
			name = "Supporting Files";
			sourceTree = "<group>";
		};
		CC6E67581A4C09B800339091 /* parse testTests */ = {
			isa = PBXGroup;
			children = (
				CC6E675B1A4C09B800339091 /* parse_testTests.m */,
				CC6E67591A4C09B800339091 /* Supporting Files */,
			);
			path = "parse testTests";
			sourceTree = "<group>";
		};
		CC6E67591A4C09B800339091 /* Supporting Files */ = {
			isa = PBXGroup;
			children = (
				CC6E675A1A4C09B800339091 /* Info.plist */,
			);
			name = "Supporting Files";
			sourceTree = "<group>";
		};
/* End PBXGroup section */

/* Begin PBXNativeTarget section */
		CC6E673B1A4C09B800339091 /* parse test */ = {
			isa = PBXNativeTarget;
			buildConfigurationList = CC6E675F1A4C09B800339091 /* Build configuration list for PBXNativeTarget "parse test" */;
			buildPhases = (
				CC6E67381A4C09B800339091 /* Sources */,
				CC6E67391A4C09B800339091 /* Frameworks */,
				CC6E673A1A4C09B800339091 /* Resources */,
			);
			buildRules = (
			);
			dependencies = (
			);
			name = "parse test";
			productName = "parse test";
			productReference = CC6E673C1A4C09B800339091 /* parse test.app */;
			productType = "com.apple.product-type.application";
		};
		CC6E67541A4C09B800339091 /* parse testTests */ = {
			isa = PBXNativeTarget;
			buildConfigurationList = CC6E67621A4C09B800339091 /* Build configuration list for PBXNativeTarget "parse testTests" */;
			buildPhases = (
				CC6E67511A4C09B800339091 /* Sources */,
				CC6E67521A4C09B800339091 /* Frameworks */,
				CC6E67531A4C09B800339091 /* Resources */,
			);
			buildRules = (
			);
			dependencies = (
				CC6E67571A4C09B800339091 /* PBXTargetDependency */,
			);
			name = "parse testTests";
			productName = "parse testTests";
			productReference = CC6E67551A4C09B800339091 /* parse testTests.xctest */;
			productType = "com.apple.product-type.bundle.unit-test";
		};
/* End PBXNativeTarget section */

/* Begin PBXProject section */
		CC6E67341A4C09B800339091 /* Project object */ = {
			isa = PBXProject;
			attributes = {
				LastUpgradeCheck = 0610;
				ORGANIZATIONNAME = "Ceasar Production";
				TargetAttributes = {
					CC6E673B1A4C09B800339091 = {
						CreatedOnToolsVersion = 6.1.1;
					};
					CC6E67541A4C09B800339091 = {
						CreatedOnToolsVersion = 6.1.1;
						TestTargetID = CC6E673B1A4C09B800339091;
					};
				};
			};
			buildConfigurationList = CC6E67371A4C09B800339091 /* Build configuration list for PBXProject "parse test" */;
			compatibilityVersion = "Xcode 3.2";
			developmentRegion = English;
			hasScannedForEncodings = 0;
			knownRegions = (
				en,
				Base,
			);
			mainGroup = CC6E67331A4C09B800339091;
			productRefGroup = CC6E673D1A4C09B800339091 /* Products */;
			projectDirPath = "";
			projectRoot = "";
			targets = (
				CC6E673B1A4C09B800339091 /* parse test */,
				CC6E67541A4C09B800339091 /* parse testTests */,
			);
		};
/* End PBXProject section */

/* Begin PBXResourcesBuildPhase section */
		CC6E673A1A4C09B800339091 /* Resources */ = {
			isa = PBXResourcesBuildPhase;
			buildActionMask = 2147483647;
			files = (
				CC6E674B1A4C09B800339091 /* Main.storyboard in Resources */,
				CC6E67501A4C09B800339091 /* LaunchScreen.xib in Resources */,
				CC6E674D1A4C09B800339091 /* Images.xcassets in Resources */,
			);
			runOnlyForDeploymentPostprocessing = 0;
		};
		CC6E67531A4C09B800339091 /* Resources */ = {
			isa = PBXResourcesBuildPhase;
			buildActionMask = 2147483647;
			files = (
			);
			runOnlyForDeploymentPostprocessing = 0;
		};
/* End PBXResourcesBuildPhase section */

/* Begin PBXSourcesBuildPhase section */
		CC6E67381A4C09B800339091 /* Sources */ = {
			isa = PBXSourcesBuildPhase;
			buildActionMask = 2147483647;
			files = (
				CC6E67481A4C09B800339091 /* ViewController.m in Sources */,
				CC6E67451A4C09B800339091 /* AppDelegate.m in Sources */,
				CC6E67421A4C09B800339091 /* main.m in Sources */,
			);
			runOnlyForDeploymentPostprocessing = 0;
		};
		CC6E67511A4C09B800339091 /* Sources */ = {
			isa = PBXSourcesBuildPhase;
			buildActionMask = 2147483647;
			files = (
				CC6E675C1A4C09B800339091 /* parse_testTests.m in Sources */,
			);
			runOnlyForDeploymentPostprocessing = 0;
		};
/* End PBXSourcesBuildPhase section */

/* Begin PBXTargetDependency section */
		CC6E67571A4C09B800339091 /* PBXTargetDependency */ = {
			isa = PBXTargetDependency;
			target = CC6E673B1A4C09B800339091 /* parse test */;
			targetProxy = CC6E67561A4C09B800339091 /* PBXContainerItemProxy */;
		};
/* End PBXTargetDependency section */

/* Begin PBXVariantGroup section */
		CC6E67491A4C09B800339091 /* Main.storyboard */ = {
			isa = PBXVariantGroup;
			children = (
				CC6E674A1A4C09B800339091 /* Base */,
			);
			name = Main.storyboard;
			sourceTree = "<group>";
		};
		CC6E674E1A4C09B800339091 /* LaunchScreen.xib */ = {
			isa = PBXVariantGroup;
			children = (
				CC6E674F1A4C09B800339091 /* Base */,
			);
			name = LaunchScreen.xib;
			sourceTree = "<group>";
		};
/* End PBXVariantGroup section */

/* Begin XCBuildConfiguration section */
		CC6E675D1A4C09B800339091 /* Debug */ = {
			isa = XCBuildConfiguration;
			buildSettings = {
				ALWAYS_SEARCH_USER_PATHS = NO;
				CLANG_CXX_LANGUAGE_STANDARD = "gnu++0x";
				CLANG_CXX_LIBRARY = "libc++";
				CLANG_ENABLE_MODULES = YES;
				CLANG_ENABLE_OBJC_ARC = YES;
				CLANG_WARN_BOOL_CONVERSION = YES;
				CLANG_WARN_CONSTANT_CONVERSION = YES;
				CLANG_WARN_DIRECT_OBJC_ISA_USAGE = YES_ERROR;
				CLANG_WARN_EMPTY_BODY = YES;
				CLANG_WARN_ENUM_CONVERSION = YES;
				CLANG_WARN_INT_CONVERSION = YES;
				CLANG_WARN_OBJC_ROOT_CLASS = YES_ERROR;
				CLANG_WARN_UNREACHABLE_CODE = YES;
				CLANG_WARN__DUPLICATE_METHOD_MATCH = YES;
				"CODE_SIGN_IDENTITY[sdk=iphoneos*]" = "iPhone Developer";
				COPY_PHASE_STRIP = NO;
				ENABLE_STRICT_OBJC_MSGSEND = YES;
				GCC_C_LANGUAGE_STANDARD = gnu99;
				GCC_DYNAMIC_NO_PIC = NO;
				GCC_OPTIMIZATION_LEVEL = 0;
				GCC_PREPROCESSOR_DEFINITIONS = (
					"DEBUG=1",
					"$(inherited)",
				);
				GCC_SYMBOLS_PRIVATE_EXTERN = NO;
				GCC_WARN_64_TO_32_BIT_CONVERSION = YES;
				GCC_WARN_ABOUT_RETURN_TYPE = YES_ERROR;
				GCC_WARN_UNDECLARED_SELECTOR = YES;
				GCC_WARN_UNINITIALIZED_AUTOS = YES_AGGRESSIVE;
				GCC_WARN_UNUSED_FUNCTION = YES;
				GCC_WARN_UNUSED_VARIABLE = YES;
				IPHONEOS_DEPLOYMENT_TARGET = 8.1;
				MTL_ENABLE_DEBUG_INFO = YES;
				ONLY_ACTIVE_ARCH = YES;
				SDKROOT = iphoneos;
				TARGETED_DEVICE_FAMILY = "1,2";
			};
			name = Debug;
		};
		CC6E675E1A4C09B800339091 /* Release */ = {
			isa = XCBuildConfiguration;
			buildSettings = {
				ALWAYS_SEARCH_USER_PATHS = NO;
				CLANG_CXX_LANGUAGE_STANDARD = "gnu++0x";
				CLANG_CXX_LIBRARY = "libc++";
				CLANG_ENABLE_MODULES = YES;
				CLANG_ENABLE_OBJC_ARC = YES;
				CLANG_WARN_BOOL_CONVERSION = YES;
				CLANG_WARN_CONSTANT_CONVERSION = YES;
				CLANG_WARN_DIRECT_OBJC_ISA_USAGE = YES_ERROR;
				CLANG_WARN_EMPTY_BODY = YES;
				CLANG_WARN_ENUM_CONVERSION = YES;
				CLANG_WARN_INT_CONVERSION = YES;
				CLANG_WARN_OBJC_ROOT_CLASS = YES_ERROR;
				CLANG_WARN_UNREACHABLE_CODE = YES;
				CLANG_WARN__DUPLICATE_METHOD_MATCH = YES;
				"CODE_SIGN_IDENTITY[sdk=iphoneos*]" = "iPhone Developer";
				COPY_PHASE_STRIP = YES;
				ENABLE_NS_ASSERTIONS = NO;
				ENABLE_STRICT_OBJC_MSGSEND = YES;
				GCC_C_LANGUAGE_STANDARD = gnu99;
				GCC_WARN_64_TO_32_BIT_CONVERSION = YES;
				GCC_WARN_ABOUT_RETURN_TYPE = YES_ERROR;
				GCC_WARN_UNDECLARED_SELECTOR = YES;
				GCC_WARN_UNINITIALIZED_AUTOS = YES_AGGRESSIVE;
				GCC_WARN_UNUSED_FUNCTION = YES;
				GCC_WARN_UNUSED_VARIABLE = YES;
				IPHONEOS_DEPLOYMENT_TARGET = 8.1;
				MTL_ENABLE_DEBUG_INFO = NO;
				SDKROOT = iphoneos;
				TARGETED_DEVICE_FAMILY = "1,2";
				VALIDATE_PRODUCT = YES;
			};
			name = Release;
		};
		CC6E67601A4C09B800339091 /* Debug */ = {
			isa = XCBuildConfiguration;
			buildSettings = {
				ASSETCATALOG_COMPILER_APPICON_NAME = AppIcon;
				INFOPLIST_FILE = "parse test/Info.plist";
				LD_RUNPATH_SEARCH_PATHS = "$(inherited) @executable_path/Frameworks";
				PRODUCT_NAME = "$(TARGET_NAME)";
			};
			name = Debug;
		};
		CC6E67611A4C09B800339091 /* Release */ = {
			isa = XCBuildConfiguration;
			buildSettings = {
				ASSETCATALOG_COMPILER_APPICON_NAME = AppIcon;
				INFOPLIST_FILE = "parse test/Info.plist";
				LD_RUNPATH_SEARCH_PATHS = "$(inherited) @executable_path/Frameworks";
				PRODUCT_NAME = "$(TARGET_NAME)";
			};
			name = Release;
		};
		CC6E67631A4C09B800339091 /* Debug */ = {
			isa = XCBuildConfiguration;
			buildSettings = {
				BUNDLE_LOADER = "$(TEST_HOST)";
				FRAMEWORK_SEARCH_PATHS = (
					"$(SDKROOT)/Developer/Library/Frameworks",
					"$(inherited)",
				);
				GCC_PREPROCESSOR_DEFINITIONS = (
					"DEBUG=1",
					"$(inherited)",
				);
				INFOPLIST_FILE = "parse testTests/Info.plist";
				LD_RUNPATH_SEARCH_PATHS = "$(inherited) @executable_path/Frameworks @loader_path/Frameworks";
				PRODUCT_NAME = "$(TARGET_NAME)";
				TEST_HOST = "$(BUILT_PRODUCTS_DIR)/parse test.app/parse test";
			};
			name = Debug;
		};
		CC6E67641A4C09B800339091 /* Release */ = {
			isa = XCBuildConfiguration;
			buildSettings = {
				BUNDLE_LOADER = "$(TEST_HOST)";
				FRAMEWORK_SEARCH_PATHS = (
					"$(SDKROOT)/Developer/Library/Frameworks",
					"$(inherited)",
				);
				INFOPLIST_FILE = "parse testTests/Info.plist";
				LD_RUNPATH_SEARCH_PATHS = "$(inherited) @executable_path/Frameworks @loader_path/Frameworks";
				PRODUCT_NAME = "$(TARGET_NAME)";
				TEST_HOST = "$(BUILT_PRODUCTS_DIR)/parse test.app/parse test";
			};
			name = Release;
		};
/* End XCBuildConfiguration section */

/* Begin XCConfigurationList section */
		CC6E67371A4C09B800339091 /* Build configuration list for PBXProject "parse test" */ = {
			isa = XCConfigurationList;
			buildConfigurations = (
				CC6E675D1A4C09B800339091 /* Debug */,
				CC6E675E1A4C09B800339091 /* Release */,
			);
			defaultConfigurationIsVisible = 0;
			defaultConfigurationName = Release;
		};
		CC6E675F1A4C09B800339091 /* Build configuration list for PBXNativeTarget "parse test" */ = {
			isa = XCConfigurationList;
			buildConfigurations = (
				CC6E67601A4C09B800339091 /* Debug */,
				CC6E67611A4C09B800339091 /* Release */,
			);
			defaultConfigurationIsVisible = 0;
		};
		CC6E67621A4C09B800339091 /* Build configuration list for PBXNativeTarget "parse testTests" */ = {
			isa = XCConfigurationList;
			buildConfigurations = (
				CC6E67631A4C09B800339091 /* Debug */,
				CC6E67641A4C09B800339091 /* Release */,
			);
			defaultConfigurationIsVisible = 0;
		};
/* End XCConfigurationList section */
	};
	rootObject = CC6E67341A4C09B800339091 /* Project object */;
}
